
Microsoft Visual Studio Solution File, Format Version 12.00
# Visual Studio Version 17
VisualStudioVersion = 17.14.36603.0 d17.14
MinimumVisualStudioVersion = 10.0.40219.1
Project("{FAE04EC0-301F-11D3-BF4B-00C04F79EFBC}") = "joHalmaz", "joHalmaz\joHalmaz.csproj", "{5D646E7D-2649-472B-A91A-4F7F5252D547}"
EndProject
Global
	GlobalSection(SolutionConfigurationPlatforms) = preSolution
		Debug|Any CPU = Debug|Any CPU
		Release|Any CPU = Release|Any CPU
	EndGlobalSection
	GlobalSection(ProjectConfigurationPlatforms) = postSolution
		{5D646E7D-2649-472B-A91A-4F7F5252D547}.Debug|Any CPU.ActiveCfg = Debug|Any CPU
		{5D646E7D-2649-472B-A91A-4F7F5252D547}.Debug|Any CPU.Build.0 = Debug|Any CPU
		{5D646E7D-2649-472B-A91A-4F7F5252D547}.Release|Any CPU.ActiveCfg = Release|Any CPU
		{5D646E7D-2649-472B-A91A-4F7F5252D547}.Release|Any CPU.Build.0 = Release|Any CPU
	EndGlobalSection
	GlobalSection(SolutionProperties) = preSolution
		HideSolutionNode = FALSE
	EndGlobalSection
	GlobalSection(ExtensibilityGlobals) = postSolution
		SolutionGuid = {A724D7C8-3032-494A-9B3C-DC9CA5540D99}
	EndGlobalSection
EndGlobal
